
Microsoft Visual Studio Solution File, Format Version 12.00
# Visual Studio Version 17
VisualStudioVersion = 17.8.34330.188
MinimumVisualStudioVersion = 10.0.40219.1
Project("{FAE04EC0-301F-11D3-BF4B-00C04F79EFBC}") = "Sonata", "Sonata.csproj", "{303964E9-84B1-4FC2-9EB7-3D4B65D235A1}"
EndProject
Global
	GlobalSection(SolutionConfigurationPlatforms) = preSolution
		Debug|Any CPU = Debug|Any CPU
		Release|Any CPU = Release|Any CPU
	EndGlobalSection
	GlobalSection(ProjectConfigurationPlatforms) = postSolution
		{303964E9-84B1-4FC2-9EB7-3D4B65D235A1}.Debug|Any CPU.ActiveCfg = Debug|Any CPU
		{303964E9-84B1-4FC2-9EB7-3D4B65D235A1}.Debug|Any CPU.Build.0 = Debug|Any CPU
		{303964E9-84B1-4FC2-9EB7-3D4B65D235A1}.Release|Any CPU.ActiveCfg = Release|Any CPU
		{303964E9-84B1-4FC2-9EB7-3D4B65D235A1}.Release|Any CPU.Build.0 = Release|Any CPU
	EndGlobalSection
	GlobalSection(SolutionProperties) = preSolution
		HideSolutionNode = FALSE
	EndGlobalSection
	GlobalSection(ExtensibilityGlobals) = postSolution
		SolutionGuid = {BE16C329-3FD6-4FA4-868C-4FB660BC7C01}
	EndGlobalSection
EndGlobal
